
Microsoft Visual Studio Solution File, Format Version 12.00
# Visual Studio Version 17
VisualStudioVersion = 17.14.36327.8 d17.14
MinimumVisualStudioVersion = 10.0.40219.1
Project("{FAE04EC0-301F-11D3-BF4B-00C04F79EFBC}") = "WebApplication1", "WebApplication1\WebApplication1.csproj", "{01511066-6917-483A-AFD8-162C09F88AF5}"
EndProject
Global
	GlobalSection(SolutionConfigurationPlatforms) = preSolution
		Debug|Any CPU = Debug|Any CPU
		Release|Any CPU = Release|Any CPU
	EndGlobalSection
	GlobalSection(ProjectConfigurationPlatforms) = postSolution
		{01511066-6917-483A-AFD8-162C09F88AF5}.Debug|Any CPU.ActiveCfg = Debug|Any CPU
		{01511066-6917-483A-AFD8-162C09F88AF5}.Debug|Any CPU.Build.0 = Debug|Any CPU
		{01511066-6917-483A-AFD8-162C09F88AF5}.Release|Any CPU.ActiveCfg = Release|Any CPU
		{01511066-6917-483A-AFD8-162C09F88AF5}.Release|Any CPU.Build.0 = Release|Any CPU
	EndGlobalSection
	GlobalSection(SolutionProperties) = preSolution
		HideSolutionNode = FALSE
	EndGlobalSection
	GlobalSection(ExtensibilityGlobals) = postSolution
		SolutionGuid = {7FD83683-5611-460A-8171-104486F589FD}
	EndGlobalSection
EndGlobal
